// !$*UTF8*$!
{
	archiveVersion = 1;
	classes = {
	};
	objectVersion = 46;
	objects = {

/* Begin PBXBuildFile section */
		8D5BC23A18422E930082266E /* main.cpp in Sources */ = {isa = PBXBuildFile; fileRef = 8D5BC23918422E930082266E /* main.cpp */; };
		8D5BC24418422FFC0082266E /* shader.cpp in Sources */ = {isa = PBXBuildFile; fileRef = 8D5BC24218422FFC0082266E /* shader.cpp */; };
		8D5BC2471842304D0082266E /* GLKit.framework in Frameworks */ = {isa = PBXBuildFile; fileRef = 8D5BC2451842304D0082266E /* GLKit.framework */; };
		8D5BC2481842304D0082266E /* OpenGL.framework in Frameworks */ = {isa = PBXBuildFile; fileRef = 8D5BC2461842304D0082266E /* OpenGL.framework */; };
		8D5BC24A184230560082266E /* Cocoa.framework in Frameworks */ = {isa = PBXBuildFile; fileRef = 8D5BC249184230560082266E /* Cocoa.framework */; };
		8D5BC24C1842305A0082266E /* IOKit.framework in Frameworks */ = {isa = PBXBuildFile; fileRef = 8D5BC24B1842305A0082266E /* IOKit.framework */; };
		8D5BC24F184230710082266E /* libGLEW.a in Frameworks */ = {isa = PBXBuildFile; fileRef = 8D5BC24D184230710082266E /* libGLEW.a */; };
		8D5BC250184230710082266E /* libglfw3.a in Frameworks */ = {isa = PBXBuildFile; fileRef = 8D5BC24E184230710082266E /* libglfw3.a */; };
		8D5BC26B184235840082266E /* secondPassFS.glsl in CopyFiles */ = {isa = PBXBuildFile; fileRef = 8D5BC2621842354F0082266E /* secondPassFS.glsl */; };
		8D5BC26C184235840082266E /* secondPassVS.glsl in CopyFiles */ = {isa = PBXBuildFile; fileRef = 8D5BC2631842354F0082266E /* secondPassVS.glsl */; };
		8D5BC26D184235840082266E /* simpleFS.glsl in CopyFiles */ = {isa = PBXBuildFile; fileRef = 8D5BC2641842354F0082266E /* simpleFS.glsl */; };
		8D5BC26E184235840082266E /* simpleGS.glsl in CopyFiles */ = {isa = PBXBuildFile; fileRef = 8D5BC2651842354F0082266E /* simpleGS.glsl */; };
		8D5BC26F184235840082266E /* simpleVS.glsl in CopyFiles */ = {isa = PBXBuildFile; fileRef = 8D5BC2661842354F0082266E /* simpleVS.glsl */; };
		8D5BC270184235840082266E /* Terrain_TCS.glsl in CopyFiles */ = {isa = PBXBuildFile; fileRef = 8D5BC2671842354F0082266E /* Terrain_TCS.glsl */; };
		8D5BC271184235840082266E /* Terrain_TES.glsl in CopyFiles */ = {isa = PBXBuildFile; fileRef = 8D5BC2681842354F0082266E /* Terrain_TES.glsl */; };
		8D5BC27C184256130082266E /* random_normal.png in CopyFiles */ = {isa = PBXBuildFile; fileRef = 8D5BC279184256130082266E /* random_normal.png */; };
		8D5BC27D184256130082266E /* random.png in CopyFiles */ = {isa = PBXBuildFile; fileRef = 8D5BC27A184256130082266E /* random.png */; };
		8D5BC27E184256130082266E /* West_Norway.png in CopyFiles */ = {isa = PBXBuildFile; fileRef = 8D5BC27B184256130082266E /* West_Norway.png */; };
		8DC498CE184B515E00342267 /* libSOIL.a in Frameworks */ = {isa = PBXBuildFile; fileRef = 8DC498CD184B515E00342267 /* libSOIL.a */; };
/* End PBXBuildFile section */

/* Begin PBXCopyFilesBuildPhase section */
		8D5BC23418422E930082266E /* CopyFiles */ = {
			isa = PBXCopyFilesBuildPhase;
			buildActionMask = 12;
			dstPath = "";
			dstSubfolderSpec = 16;
			files = (
				8D5BC27C184256130082266E /* random_normal.png in CopyFiles */,
				8D5BC27D184256130082266E /* random.png in CopyFiles */,
				8D5BC27E184256130082266E /* West_Norway.png in CopyFiles */,
				8D5BC26B184235840082266E /* secondPassFS.glsl in CopyFiles */,
				8D5BC26C184235840082266E /* secondPassVS.glsl in CopyFiles */,
				8D5BC26D184235840082266E /* simpleFS.glsl in CopyFiles */,
				8D5BC26E184235840082266E /* simpleGS.glsl in CopyFiles */,
				8D5BC26F184235840082266E /* simpleVS.glsl in CopyFiles */,
				8D5BC270184235840082266E /* Terrain_TCS.glsl in CopyFiles */,
				8D5BC271184235840082266E /* Terrain_TES.glsl in CopyFiles */,
			);
			runOnlyForDeploymentPostprocessing = 0;
		};
/* End PBXCopyFilesBuildPhase section */

/* Begin PBXFileReference section */
		8D5BC23618422E930082266E /* GpuTerrain */ = {isa = PBXFileReference; explicitFileType = "compiled.mach-o.executable"; includeInIndex = 0; path = GpuTerrain; sourceTree = BUILT_PRODUCTS_DIR; };
		8D5BC23918422E930082266E /* main.cpp */ = {isa = PBXFileReference; lastKnownFileType = sourcecode.cpp.cpp; path = main.cpp; sourceTree = "<group>"; };
		8D5BC24218422FFC0082266E /* shader.cpp */ = {isa = PBXFileReference; fileEncoding = 4; lastKnownFileType = sourcecode.cpp.cpp; path = shader.cpp; sourceTree = "<group>"; };
		8D5BC24318422FFC0082266E /* shader.hpp */ = {isa = PBXFileReference; fileEncoding = 4; lastKnownFileType = sourcecode.cpp.h; path = shader.hpp; sourceTree = "<group>"; };
		8D5BC2451842304D0082266E /* GLKit.framework */ = {isa = PBXFileReference; lastKnownFileType = wrapper.framework; name = GLKit.framework; path = System/Library/Frameworks/GLKit.framework; sourceTree = SDKROOT; };
		8D5BC2461842304D0082266E /* OpenGL.framework */ = {isa = PBXFileReference; lastKnownFileType = wrapper.framework; name = OpenGL.framework; path = System/Library/Frameworks/OpenGL.framework; sourceTree = SDKROOT; };
		8D5BC249184230560082266E /* Cocoa.framework */ = {isa = PBXFileReference; lastKnownFileType = wrapper.framework; name = Cocoa.framework; path = System/Library/Frameworks/Cocoa.framework; sourceTree = SDKROOT; };
		8D5BC24B1842305A0082266E /* IOKit.framework */ = {isa = PBXFileReference; lastKnownFileType = wrapper.framework; name = IOKit.framework; path = System/Library/Frameworks/IOKit.framework; sourceTree = SDKROOT; };
		8D5BC24D184230710082266E /* libGLEW.a */ = {isa = PBXFileReference; lastKnownFileType = archive.ar; name = libGLEW.a; path = ../../../../../opt/local/lib/libGLEW.a; sourceTree = "<group>"; };
		8D5BC24E184230710082266E /* libglfw3.a */ = {isa = PBXFileReference; lastKnownFileType = archive.ar; name = libglfw3.a; path = ../../../../../opt/local/lib/libglfw3.a; sourceTree = "<group>"; };
		8D5BC25E184232DB0082266E /* Mesh.hpp */ = {isa = PBXFileReference; fileEncoding = 4; lastKnownFileType = sourcecode.cpp.h; path = Mesh.hpp; sourceTree = "<group>"; };
		8D5BC25F184233850082266E /* Camera.hpp */ = {isa = PBXFileReference; fileEncoding = 4; lastKnownFileType = sourcecode.cpp.h; path = Camera.hpp; sourceTree = "<group>"; };
		8D5BC2621842354F0082266E /* secondPassFS.glsl */ = {isa = PBXFileReference; fileEncoding = 4; lastKnownFileType = text; path = secondPassFS.glsl; sourceTree = "<group>"; };
		8D5BC2631842354F0082266E /* secondPassVS.glsl */ = {isa = PBXFileReference; fileEncoding = 4; lastKnownFileType = text; path = secondPassVS.glsl; sourceTree = "<group>"; };
		8D5BC2641842354F0082266E /* simpleFS.glsl */ = {isa = PBXFileReference; fileEncoding = 4; lastKnownFileType = text; path = simpleFS.glsl; sourceTree = "<group>"; };
		8D5BC2651842354F0082266E /* simpleGS.glsl */ = {isa = PBXFileReference; fileEncoding = 4; lastKnownFileType = text; path = simpleGS.glsl; sourceTree = "<group>"; };
		8D5BC2661842354F0082266E /* simpleVS.glsl */ = {isa = PBXFileReference; fileEncoding = 4; lastKnownFileType = text; path = simpleVS.glsl; sourceTree = "<group>"; };
		8D5BC2671842354F0082266E /* Terrain_TCS.glsl */ = {isa = PBXFileReference; fileEncoding = 4; lastKnownFileType = text; path = Terrain_TCS.glsl; sourceTree = "<group>"; };
		8D5BC2681842354F0082266E /* Terrain_TES.glsl */ = {isa = PBXFileReference; fileEncoding = 4; lastKnownFileType = text; path = Terrain_TES.glsl; sourceTree = "<group>"; };
		8D5BC272184236040082266E /* Terrain.hpp */ = {isa = PBXFileReference; fileEncoding = 4; lastKnownFileType = sourcecode.cpp.h; path = Terrain.hpp; sourceTree = "<group>"; };
		8D5BC279184256130082266E /* random_normal.png */ = {isa = PBXFileReference; lastKnownFileType = image.png; name = random_normal.png; path = GpuTerrain/random_normal.png; sourceTree = "<group>"; };
		8D5BC27A184256130082266E /* random.png */ = {isa = PBXFileReference; lastKnownFileType = image.png; name = random.png; path = GpuTerrain/random.png; sourceTree = "<group>"; };
		8D5BC27B184256130082266E /* West_Norway.png */ = {isa = PBXFileReference; lastKnownFileType = image.png; name = West_Norway.png; path = GpuTerrain/West_Norway.png; sourceTree = "<group>"; };
		8DC498CD184B515E00342267 /* libSOIL.a */ = {isa = PBXFileReference; lastKnownFileType = archive.ar; name = libSOIL.a; path = ../../../../../opt/local/lib/libSOIL.a; sourceTree = "<group>"; };
/* End PBXFileReference section */

/* Begin PBXFrameworksBuildPhase section */
		8D5BC23318422E930082266E /* Frameworks */ = {
			isa = PBXFrameworksBuildPhase;
			buildActionMask = 2147483647;
			files = (
				8DC498CE184B515E00342267 /* libSOIL.a in Frameworks */,
				8D5BC24F184230710082266E /* libGLEW.a in Frameworks */,
				8D5BC250184230710082266E /* libglfw3.a in Frameworks */,
				8D5BC24C1842305A0082266E /* IOKit.framework in Frameworks */,
				8D5BC24A184230560082266E /* Cocoa.framework in Frameworks */,
				8D5BC2471842304D0082266E /* GLKit.framework in Frameworks */,
				8D5BC2481842304D0082266E /* OpenGL.framework in Frameworks */,
			);
			runOnlyForDeploymentPostprocessing = 0;
		};
/* End PBXFrameworksBuildPhase section */

/* Begin PBXGroup section */
		8D5BC22D18422E930082266E = {
			isa = PBXGroup;
			children = (
				8DC498CD184B515E00342267 /* libSOIL.a */,
				8D5BC279184256130082266E /* random_normal.png */,
				8D5BC27A184256130082266E /* random.png */,
				8D5BC27B184256130082266E /* West_Norway.png */,
				8D5BC24D184230710082266E /* libGLEW.a */,
				8D5BC24E184230710082266E /* libglfw3.a */,
				8D5BC24B1842305A0082266E /* IOKit.framework */,
				8D5BC249184230560082266E /* Cocoa.framework */,
				8D5BC2451842304D0082266E /* GLKit.framework */,
				8D5BC2461842304D0082266E /* OpenGL.framework */,
				8D5BC23818422E930082266E /* GpuTerrain */,
				8D5BC23718422E930082266E /* Products */,
			);
			sourceTree = "<group>";
		};
		8D5BC23718422E930082266E /* Products */ = {
			isa = PBXGroup;
			children = (
				8D5BC23618422E930082266E /* GpuTerrain */,
			);
			name = Products;
			sourceTree = "<group>";
		};
		8D5BC23818422E930082266E /* GpuTerrain */ = {
			isa = PBXGroup;
			children = (
				8D5BC259184231570082266E /* shaders */,
				8D5BC23918422E930082266E /* main.cpp */,
				8D5BC24218422FFC0082266E /* shader.cpp */,
				8D5BC24318422FFC0082266E /* shader.hpp */,
				8D5BC25E184232DB0082266E /* Mesh.hpp */,
				8D5BC25F184233850082266E /* Camera.hpp */,
				8D5BC272184236040082266E /* Terrain.hpp */,
			);
			path = GpuTerrain;
			sourceTree = "<group>";
		};
		8D5BC259184231570082266E /* shaders */ = {
			isa = PBXGroup;
			children = (
				8D5BC2621842354F0082266E /* secondPassFS.glsl */,
				8D5BC2631842354F0082266E /* secondPassVS.glsl */,
				8D5BC2641842354F0082266E /* simpleFS.glsl */,
				8D5BC2651842354F0082266E /* simpleGS.glsl */,
				8D5BC2661842354F0082266E /* simpleVS.glsl */,
				8D5BC2671842354F0082266E /* Terrain_TCS.glsl */,
				8D5BC2681842354F0082266E /* Terrain_TES.glsl */,
			);
			path = shaders;
			sourceTree = "<group>";
		};
/* End PBXGroup section */

/* Begin PBXNativeTarget section */
		8D5BC23518422E930082266E /* GpuTerrain */ = {
			isa = PBXNativeTarget;
			buildConfigurationList = 8D5BC23F18422E930082266E /* Build configuration list for PBXNativeTarget "GpuTerrain" */;
			buildPhases = (
				8D5BC23218422E930082266E /* Sources */,
				8D5BC23318422E930082266E /* Frameworks */,
				8D5BC23418422E930082266E /* CopyFiles */,
			);
			buildRules = (
			);
			dependencies = (
			);
			name = GpuTerrain;
			productName = GpuTerrain;
			productReference = 8D5BC23618422E930082266E /* GpuTerrain */;
			productType = "com.apple.product-type.tool";
		};
/* End PBXNativeTarget section */

/* Begin PBXProject section */
		8D5BC22E18422E930082266E /* Project object */ = {
			isa = PBXProject;
			attributes = {
				LastUpgradeCheck = 0500;
				ORGANIZATIONNAME = "Тимур";
			};
			buildConfigurationList = 8D5BC23118422E930082266E /* Build configuration list for PBXProject "GpuTerrain" */;
			compatibilityVersion = "Xcode 3.2";
			developmentRegion = English;
			hasScannedForEncodings = 0;
			knownRegions = (
				en,
			);
			mainGroup = 8D5BC22D18422E930082266E;
			productRefGroup = 8D5BC23718422E930082266E /* Products */;
			projectDirPath = "";
			projectRoot = "";
			targets = (
				8D5BC23518422E930082266E /* GpuTerrain */,
			);
		};
/* End PBXProject section */

/* Begin PBXSourcesBuildPhase section */
		8D5BC23218422E930082266E /* Sources */ = {
			isa = PBXSourcesBuildPhase;
			buildActionMask = 2147483647;
			files = (
				8D5BC24418422FFC0082266E /* shader.cpp in Sources */,
				8D5BC23A18422E930082266E /* main.cpp in Sources */,
			);
			runOnlyForDeploymentPostprocessing = 0;
		};
/* End PBXSourcesBuildPhase section */

/* Begin XCBuildConfiguration section */
		8D5BC23D18422E930082266E /* Debug */ = {
			isa = XCBuildConfiguration;
			buildSettings = {
				ALWAYS_SEARCH_USER_PATHS = YES;
				CLANG_CXX_LANGUAGE_STANDARD = "gnu++0x";
				CLANG_CXX_LIBRARY = "libc++";
				CLANG_ENABLE_OBJC_ARC = YES;
				CLANG_WARN_BOOL_CONVERSION = YES;
				CLANG_WARN_CONSTANT_CONVERSION = YES;
				CLANG_WARN_DIRECT_OBJC_ISA_USAGE = YES_ERROR;
				CLANG_WARN_EMPTY_BODY = YES;
				CLANG_WARN_ENUM_CONVERSION = YES;
				CLANG_WARN_INT_CONVERSION = YES;
				CLANG_WARN_OBJC_ROOT_CLASS = YES_ERROR;
				CLANG_WARN__DUPLICATE_METHOD_MATCH = YES;
				COPY_PHASE_STRIP = NO;
				GCC_C_LANGUAGE_STANDARD = gnu99;
				GCC_DYNAMIC_NO_PIC = NO;
				GCC_ENABLE_OBJC_EXCEPTIONS = YES;
				GCC_OPTIMIZATION_LEVEL = 0;
				GCC_PREPROCESSOR_DEFINITIONS = (
					"DEBUG=1",
					"$(inherited)",
				);
				GCC_SYMBOLS_PRIVATE_EXTERN = NO;
				GCC_WARN_64_TO_32_BIT_CONVERSION = YES;
				GCC_WARN_ABOUT_RETURN_TYPE = YES_ERROR;
				GCC_WARN_UNDECLARED_SELECTOR = YES;
				GCC_WARN_UNINITIALIZED_AUTOS = YES;
				GCC_WARN_UNUSED_FUNCTION = YES;
				GCC_WARN_UNUSED_VARIABLE = YES;
				MACOSX_DEPLOYMENT_TARGET = 10.9;
				ONLY_ACTIVE_ARCH = YES;
				SDKROOT = macosx;
			};
			name = Debug;
		};
		8D5BC23E18422E930082266E /* Release */ = {
			isa = XCBuildConfiguration;
			buildSettings = {
				ALWAYS_SEARCH_USER_PATHS = YES;
				CLANG_CXX_LANGUAGE_STANDARD = "gnu++0x";
				CLANG_CXX_LIBRARY = "libc++";
				CLANG_ENABLE_OBJC_ARC = YES;
				CLANG_WARN_BOOL_CONVERSION = YES;
				CLANG_WARN_CONSTANT_CONVERSION = YES;
				CLANG_WARN_DIRECT_OBJC_ISA_USAGE = YES_ERROR;
				CLANG_WARN_EMPTY_BODY = YES;
				CLANG_WARN_ENUM_CONVERSION = YES;
				CLANG_WARN_INT_CONVERSION = YES;
				CLANG_WARN_OBJC_ROOT_CLASS = YES_ERROR;
				CLANG_WARN__DUPLICATE_METHOD_MATCH = YES;
				COPY_PHASE_STRIP = YES;
				DEBUG_INFORMATION_FORMAT = "dwarf-with-dsym";
				ENABLE_NS_ASSERTIONS = NO;
				GCC_C_LANGUAGE_STANDARD = gnu99;
				GCC_ENABLE_OBJC_EXCEPTIONS = YES;
				GCC_WARN_64_TO_32_BIT_CONVERSION = YES;
				GCC_WARN_ABOUT_RETURN_TYPE = YES_ERROR;
				GCC_WARN_UNDECLARED_SELECTOR = YES;
				GCC_WARN_UNINITIALIZED_AUTOS = YES;
				GCC_WARN_UNUSED_FUNCTION = YES;
				GCC_WARN_UNUSED_VARIABLE = YES;
				MACOSX_DEPLOYMENT_TARGET = 10.9;
				ONLY_ACTIVE_ARCH = NO;
				SDKROOT = macosx;
			};
			name = Release;
		};
		8D5BC24018422E930082266E /* Debug */ = {
			isa = XCBuildConfiguration;
			buildSettings = {
				LIBRARY_SEARCH_PATHS = (
					"$(inherited)",
					/opt/local/lib,
				);
				PRODUCT_NAME = "$(TARGET_NAME)";
				USER_HEADER_SEARCH_PATHS = "/opt/local/include/ /usr/local/include/";
			};
			name = Debug;
		};
		8D5BC24118422E930082266E /* Release */ = {
			isa = XCBuildConfiguration;
			buildSettings = {
				LIBRARY_SEARCH_PATHS = (
					"$(inherited)",
					/opt/local/lib,
				);
				PRODUCT_NAME = "$(TARGET_NAME)";
				USER_HEADER_SEARCH_PATHS = "/opt/local/include/ /usr/local/include/";
			};
			name = Release;
		};
/* End XCBuildConfiguration section */

/* Begin XCConfigurationList section */
		8D5BC23118422E930082266E /* Build configuration list for PBXProject "GpuTerrain" */ = {
			isa = XCConfigurationList;
			buildConfigurations = (
				8D5BC23D18422E930082266E /* Debug */,
				8D5BC23E18422E930082266E /* Release */,
			);
			defaultConfigurationIsVisible = 0;
			defaultConfigurationName = Release;
		};
		8D5BC23F18422E930082266E /* Build configuration list for PBXNativeTarget "GpuTerrain" */ = {
			isa = XCConfigurationList;
			buildConfigurations = (
				8D5BC24018422E930082266E /* Debug */,
				8D5BC24118422E930082266E /* Release */,
			);
			defaultConfigurationIsVisible = 0;
			defaultConfigurationName = Release;
		};
/* End XCConfigurationList section */
	};
	rootObject = 8D5BC22E18422E930082266E /* Project object */;
}
